
Microsoft Visual Studio Solution File, Format Version 12.00
Project("{FAE04EC0-301F-11D3-BF4B-00C04F79EFBC}") = "ReferralService.Api", "src\ReferralService.Api\ReferralService.Api.csproj", "{806CA994-50E3-4102-8AFA-FCBA8335B0C4}"
EndProject
Project("{FAE04EC0-301F-11D3-BF4B-00C04F79EFBC}") = "ReferralService.Data", "src\ReferralService.Data\ReferralService.Data.csproj", "{62DD241A-1A5B-42B8-A77B-409474CBB567}"
EndProject
Project("{2150E333-8FDC-42A3-9474-1A3956D46DE8}") = "src", "src", "{5A45A0FC-823F-4EEA-8D68-8903FEE968D4}"
EndProject
Project("{FAE04EC0-301F-11D3-BF4B-00C04F79EFBC}") = "ReferralService.Contracts", "src\ReferralService.Contracts\ReferralService.Contracts.csproj", "{A0ADC81C-7BDF-4DC7-AA6F-8AC14C8D78D7}"
EndProject
Project("{FAE04EC0-301F-11D3-BF4B-00C04F79EFBC}") = "ReferralService.Core", "src\ReferralService.Core\ReferralService.Core.csproj", "{1EA5D551-BF0E-40D1-BDE7-BEEBCBDCB0AA}"
EndProject
Global
	GlobalSection(SolutionConfigurationPlatforms) = preSolution
		Debug|Any CPU = Debug|Any CPU
		Release|Any CPU = Release|Any CPU
	EndGlobalSection
	GlobalSection(ProjectConfigurationPlatforms) = postSolution
		{806CA994-50E3-4102-8AFA-FCBA8335B0C4}.Debug|Any CPU.ActiveCfg = Debug|Any CPU
		{806CA994-50E3-4102-8AFA-FCBA8335B0C4}.Debug|Any CPU.Build.0 = Debug|Any CPU
		{806CA994-50E3-4102-8AFA-FCBA8335B0C4}.Release|Any CPU.ActiveCfg = Release|Any CPU
		{806CA994-50E3-4102-8AFA-FCBA8335B0C4}.Release|Any CPU.Build.0 = Release|Any CPU
		{62DD241A-1A5B-42B8-A77B-409474CBB567}.Debug|Any CPU.ActiveCfg = Debug|Any CPU
		{62DD241A-1A5B-42B8-A77B-409474CBB567}.Debug|Any CPU.Build.0 = Debug|Any CPU
		{62DD241A-1A5B-42B8-A77B-409474CBB567}.Release|Any CPU.ActiveCfg = Release|Any CPU
		{62DD241A-1A5B-42B8-A77B-409474CBB567}.Release|Any CPU.Build.0 = Release|Any CPU
		{A0ADC81C-7BDF-4DC7-AA6F-8AC14C8D78D7}.Debug|Any CPU.ActiveCfg = Debug|Any CPU
		{A0ADC81C-7BDF-4DC7-AA6F-8AC14C8D78D7}.Debug|Any CPU.Build.0 = Debug|Any CPU
		{A0ADC81C-7BDF-4DC7-AA6F-8AC14C8D78D7}.Release|Any CPU.ActiveCfg = Release|Any CPU
		{A0ADC81C-7BDF-4DC7-AA6F-8AC14C8D78D7}.Release|Any CPU.Build.0 = Release|Any CPU
		{1EA5D551-BF0E-40D1-BDE7-BEEBCBDCB0AA}.Debug|Any CPU.ActiveCfg = Debug|Any CPU
		{1EA5D551-BF0E-40D1-BDE7-BEEBCBDCB0AA}.Debug|Any CPU.Build.0 = Debug|Any CPU
		{1EA5D551-BF0E-40D1-BDE7-BEEBCBDCB0AA}.Release|Any CPU.ActiveCfg = Release|Any CPU
		{1EA5D551-BF0E-40D1-BDE7-BEEBCBDCB0AA}.Release|Any CPU.Build.0 = Release|Any CPU
	EndGlobalSection
	GlobalSection(NestedProjects) = preSolution
		{806CA994-50E3-4102-8AFA-FCBA8335B0C4} = {5A45A0FC-823F-4EEA-8D68-8903FEE968D4}
		{62DD241A-1A5B-42B8-A77B-409474CBB567} = {5A45A0FC-823F-4EEA-8D68-8903FEE968D4}
		{A0ADC81C-7BDF-4DC7-AA6F-8AC14C8D78D7} = {5A45A0FC-823F-4EEA-8D68-8903FEE968D4}
		{1EA5D551-BF0E-40D1-BDE7-BEEBCBDCB0AA} = {5A45A0FC-823F-4EEA-8D68-8903FEE968D4}
	EndGlobalSection
EndGlobal
